
Microsoft Visual Studio Solution File, Format Version 12.00
# Visual Studio Version 17
VisualStudioVersion = 17.14.36109.1
MinimumVisualStudioVersion = 10.0.40219.1
Project("{FAE04EC0-301F-11D3-BF4B-00C04F79EFBC}") = "TaskManager.Domain", "TaskManager.Domain\TaskManager.Domain.csproj", "{1BA7F871-072D-46FF-893C-10D3B9E28704}"
EndProject
Project("{FAE04EC0-301F-11D3-BF4B-00C04F79EFBC}") = "TaskManager.Application", "TaskManager.Application\TaskManager.Application.csproj", "{EAFE2C7A-0C0F-4C6F-B4D5-A999602FACAE}"
EndProject
Project("{FAE04EC0-301F-11D3-BF4B-00C04F79EFBC}") = "TaskManager.Infrastructure", "TaskManager.Infrastructure\TaskManager.Infrastructure.csproj", "{F1FA2A97-53FE-4155-BA41-DB793BF1E570}"
EndProject
Project("{FAE04EC0-301F-11D3-BF4B-00C04F79EFBC}") = "TaskManager.API", "TaskManager.API\TaskManager.API.csproj", "{FE275C98-04FD-4551-91DC-D75E1CAAA2C6}"
EndProject
Global
	GlobalSection(SolutionConfigurationPlatforms) = preSolution
		Debug|Any CPU = Debug|Any CPU
		Release|Any CPU = Release|Any CPU
	EndGlobalSection
	GlobalSection(ProjectConfigurationPlatforms) = postSolution
		{1BA7F871-072D-46FF-893C-10D3B9E28704}.Debug|Any CPU.ActiveCfg = Debug|Any CPU
		{1BA7F871-072D-46FF-893C-10D3B9E28704}.Debug|Any CPU.Build.0 = Debug|Any CPU
		{1BA7F871-072D-46FF-893C-10D3B9E28704}.Release|Any CPU.ActiveCfg = Release|Any CPU
		{1BA7F871-072D-46FF-893C-10D3B9E28704}.Release|Any CPU.Build.0 = Release|Any CPU
		{EAFE2C7A-0C0F-4C6F-B4D5-A999602FACAE}.Debug|Any CPU.ActiveCfg = Debug|Any CPU
		{EAFE2C7A-0C0F-4C6F-B4D5-A999602FACAE}.Debug|Any CPU.Build.0 = Debug|Any CPU
		{EAFE2C7A-0C0F-4C6F-B4D5-A999602FACAE}.Release|Any CPU.ActiveCfg = Release|Any CPU
		{EAFE2C7A-0C0F-4C6F-B4D5-A999602FACAE}.Release|Any CPU.Build.0 = Release|Any CPU
		{F1FA2A97-53FE-4155-BA41-DB793BF1E570}.Debug|Any CPU.ActiveCfg = Debug|Any CPU
		{F1FA2A97-53FE-4155-BA41-DB793BF1E570}.Debug|Any CPU.Build.0 = Debug|Any CPU
		{F1FA2A97-53FE-4155-BA41-DB793BF1E570}.Release|Any CPU.ActiveCfg = Release|Any CPU
		{F1FA2A97-53FE-4155-BA41-DB793BF1E570}.Release|Any CPU.Build.0 = Release|Any CPU
		{FE275C98-04FD-4551-91DC-D75E1CAAA2C6}.Debug|Any CPU.ActiveCfg = Debug|Any CPU
		{FE275C98-04FD-4551-91DC-D75E1CAAA2C6}.Debug|Any CPU.Build.0 = Debug|Any CPU
		{FE275C98-04FD-4551-91DC-D75E1CAAA2C6}.Release|Any CPU.ActiveCfg = Release|Any CPU
		{FE275C98-04FD-4551-91DC-D75E1CAAA2C6}.Release|Any CPU.Build.0 = Release|Any CPU
	EndGlobalSection
	GlobalSection(SolutionProperties) = preSolution
		HideSolutionNode = FALSE
	EndGlobalSection
	GlobalSection(ExtensibilityGlobals) = postSolution
		SolutionGuid = {C3847218-112F-4CE7-8F5D-38C9A7B3534B}
	EndGlobalSection
EndGlobal
